
Microsoft Visual Studio Solution File, Format Version 12.00
# Visual Studio Version 17
VisualStudioVersion = 17.0.32126.317
MinimumVisualStudioVersion = 10.0.40219.1
Project("{9A19103F-16F7-4668-BE54-9A1E7A4F7556}") = "ERP", "ERP\ERP.csproj", "{4B34A0B5-BF0E-48BD-AB24-9B28A11A98B4}"
EndProject
Project("{9A19103F-16F7-4668-BE54-9A1E7A4F7556}") = "Business", "Business\Business.csproj", "{B4F1D6A5-C3C5-4431-A539-D5F665E29282}"
EndProject
Project("{9A19103F-16F7-4668-BE54-9A1E7A4F7556}") = "Core", "Core\Core.csproj", "{CDE16B77-0180-4403-B4B0-74A5FE8950A4}"
EndProject
Project("{9A19103F-16F7-4668-BE54-9A1E7A4F7556}") = "DataAccess", "DataAccess\DataAccess.csproj", "{EAE51891-2033-42DC-AAC5-362A463A546E}"
EndProject
Project("{9A19103F-16F7-4668-BE54-9A1E7A4F7556}") = "Entities", "Entities\Entities.csproj", "{12CFC3C4-4CF0-49AE-A3F3-264089465AF3}"
EndProject
Global
	GlobalSection(SolutionConfigurationPlatforms) = preSolution
		Debug|Any CPU = Debug|Any CPU
		Release|Any CPU = Release|Any CPU
	EndGlobalSection
	GlobalSection(ProjectConfigurationPlatforms) = postSolution
		{4B34A0B5-BF0E-48BD-AB24-9B28A11A98B4}.Debug|Any CPU.ActiveCfg = Debug|Any CPU
		{4B34A0B5-BF0E-48BD-AB24-9B28A11A98B4}.Debug|Any CPU.Build.0 = Debug|Any CPU
		{4B34A0B5-BF0E-48BD-AB24-9B28A11A98B4}.Release|Any CPU.ActiveCfg = Release|Any CPU
		{4B34A0B5-BF0E-48BD-AB24-9B28A11A98B4}.Release|Any CPU.Build.0 = Release|Any CPU
		{B4F1D6A5-C3C5-4431-A539-D5F665E29282}.Debug|Any CPU.ActiveCfg = Debug|Any CPU
		{B4F1D6A5-C3C5-4431-A539-D5F665E29282}.Debug|Any CPU.Build.0 = Debug|Any CPU
		{B4F1D6A5-C3C5-4431-A539-D5F665E29282}.Release|Any CPU.ActiveCfg = Release|Any CPU
		{B4F1D6A5-C3C5-4431-A539-D5F665E29282}.Release|Any CPU.Build.0 = Release|Any CPU
		{CDE16B77-0180-4403-B4B0-74A5FE8950A4}.Debug|Any CPU.ActiveCfg = Debug|Any CPU
		{CDE16B77-0180-4403-B4B0-74A5FE8950A4}.Debug|Any CPU.Build.0 = Debug|Any CPU
		{CDE16B77-0180-4403-B4B0-74A5FE8950A4}.Release|Any CPU.ActiveCfg = Release|Any CPU
		{CDE16B77-0180-4403-B4B0-74A5FE8950A4}.Release|Any CPU.Build.0 = Release|Any CPU
		{EAE51891-2033-42DC-AAC5-362A463A546E}.Debug|Any CPU.ActiveCfg = Debug|Any CPU
		{EAE51891-2033-42DC-AAC5-362A463A546E}.Debug|Any CPU.Build.0 = Debug|Any CPU
		{EAE51891-2033-42DC-AAC5-362A463A546E}.Release|Any CPU.ActiveCfg = Release|Any CPU
		{EAE51891-2033-42DC-AAC5-362A463A546E}.Release|Any CPU.Build.0 = Release|Any CPU
		{12CFC3C4-4CF0-49AE-A3F3-264089465AF3}.Debug|Any CPU.ActiveCfg = Debug|Any CPU
		{12CFC3C4-4CF0-49AE-A3F3-264089465AF3}.Debug|Any CPU.Build.0 = Debug|Any CPU
		{12CFC3C4-4CF0-49AE-A3F3-264089465AF3}.Release|Any CPU.ActiveCfg = Release|Any CPU
		{12CFC3C4-4CF0-49AE-A3F3-264089465AF3}.Release|Any CPU.Build.0 = Release|Any CPU
	EndGlobalSection
	GlobalSection(SolutionProperties) = preSolution
		HideSolutionNode = FALSE
	EndGlobalSection
	GlobalSection(ExtensibilityGlobals) = postSolution
		SolutionGuid = {DCA0E1CF-78D6-45C1-88A8-73F501374F78}
	EndGlobalSection
EndGlobal
